
Microsoft Visual Studio Solution File, Format Version 12.00
# Visual Studio 14
VisualStudioVersion = 14.0.25420.1
MinimumVisualStudioVersion = 10.0.40219.1
Project("{FAE04EC0-301F-11D3-BF4B-00C04F79EFBC}") = "TicketAtencion", "TicketAtencion\TicketAtencion.csproj", "{A633BFB6-1067-4E8C-AEB3-CC5035C8DB21}"
	ProjectSection(ProjectDependencies) = postProject
		{8CC46F72-7C76-4535-A8D4-7BB8C25D5609} = {8CC46F72-7C76-4535-A8D4-7BB8C25D5609}
	EndProjectSection
EndProject
Project("{FAE04EC0-301F-11D3-BF4B-00C04F79EFBC}") = "Negocio", "Negocio\Negocio.csproj", "{8CC46F72-7C76-4535-A8D4-7BB8C25D5609}"
EndProject
Project("{FAE04EC0-301F-11D3-BF4B-00C04F79EFBC}") = "Transferencia", "Transferencia\Transferencia.csproj", "{B5142F36-7A1D-41A9-B4FA-6A95B71D55FD}"
EndProject
Project("{FAE04EC0-301F-11D3-BF4B-00C04F79EFBC}") = "Comun", "Comun\Comun.csproj", "{6A3E2E61-F7AC-4C36-8554-2E46D7009AAB}"
EndProject
Project("{FAE04EC0-301F-11D3-BF4B-00C04F79EFBC}") = "Bdd", "Bdd\Bdd.csproj", "{A50C6E4A-E98F-48C1-B30B-A9B057129C45}"
EndProject
Global
	GlobalSection(SolutionConfigurationPlatforms) = preSolution
		Debug|Any CPU = Debug|Any CPU
		Release|Any CPU = Release|Any CPU
	EndGlobalSection
	GlobalSection(ProjectConfigurationPlatforms) = postSolution
		{A633BFB6-1067-4E8C-AEB3-CC5035C8DB21}.Debug|Any CPU.ActiveCfg = Debug|Any CPU
		{A633BFB6-1067-4E8C-AEB3-CC5035C8DB21}.Debug|Any CPU.Build.0 = Debug|Any CPU
		{A633BFB6-1067-4E8C-AEB3-CC5035C8DB21}.Release|Any CPU.ActiveCfg = Release|Any CPU
		{A633BFB6-1067-4E8C-AEB3-CC5035C8DB21}.Release|Any CPU.Build.0 = Release|Any CPU
		{8CC46F72-7C76-4535-A8D4-7BB8C25D5609}.Debug|Any CPU.ActiveCfg = Debug|Any CPU
		{8CC46F72-7C76-4535-A8D4-7BB8C25D5609}.Debug|Any CPU.Build.0 = Debug|Any CPU
		{8CC46F72-7C76-4535-A8D4-7BB8C25D5609}.Release|Any CPU.ActiveCfg = Release|Any CPU
		{8CC46F72-7C76-4535-A8D4-7BB8C25D5609}.Release|Any CPU.Build.0 = Release|Any CPU
		{B5142F36-7A1D-41A9-B4FA-6A95B71D55FD}.Debug|Any CPU.ActiveCfg = Debug|Any CPU
		{B5142F36-7A1D-41A9-B4FA-6A95B71D55FD}.Debug|Any CPU.Build.0 = Debug|Any CPU
		{B5142F36-7A1D-41A9-B4FA-6A95B71D55FD}.Release|Any CPU.ActiveCfg = Release|Any CPU
		{B5142F36-7A1D-41A9-B4FA-6A95B71D55FD}.Release|Any CPU.Build.0 = Release|Any CPU
		{6A3E2E61-F7AC-4C36-8554-2E46D7009AAB}.Debug|Any CPU.ActiveCfg = Debug|Any CPU
		{6A3E2E61-F7AC-4C36-8554-2E46D7009AAB}.Debug|Any CPU.Build.0 = Debug|Any CPU
		{6A3E2E61-F7AC-4C36-8554-2E46D7009AAB}.Release|Any CPU.ActiveCfg = Release|Any CPU
		{6A3E2E61-F7AC-4C36-8554-2E46D7009AAB}.Release|Any CPU.Build.0 = Release|Any CPU
		{A50C6E4A-E98F-48C1-B30B-A9B057129C45}.Debug|Any CPU.ActiveCfg = Debug|Any CPU
		{A50C6E4A-E98F-48C1-B30B-A9B057129C45}.Debug|Any CPU.Build.0 = Debug|Any CPU
		{A50C6E4A-E98F-48C1-B30B-A9B057129C45}.Release|Any CPU.ActiveCfg = Release|Any CPU
		{A50C6E4A-E98F-48C1-B30B-A9B057129C45}.Release|Any CPU.Build.0 = Release|Any CPU
	EndGlobalSection
	GlobalSection(SolutionProperties) = preSolution
		HideSolutionNode = FALSE
	EndGlobalSection
EndGlobal
